
Microsoft Visual Studio Solution File, Format Version 12.00
# Visual Studio 2013
VisualStudioVersion = 12.0.21005.1
MinimumVisualStudioVersion = 10.0.40219.1
Project("{8BC9CEB8-8B4A-11D0-8D11-00A0C91BC942}") = "BubbleSort", "BubleSort\BubleSort.vcxproj", "{13B56B71-7CA2-4720-AF2C-F6C486F68BBB}"
EndProject
Project("{8BC9CEB8-8B4A-11D0-8D11-00A0C91BC942}") = "UnitTestToSort", "UnitTestToSort\UnitTestToSort.vcxproj", "{21C9073E-80E2-4DFD-AFEE-93464D5FF054}"
EndProject
Global
	GlobalSection(SolutionConfigurationPlatforms) = preSolution
		Debug|Win32 = Debug|Win32
		Release|Win32 = Release|Win32
	EndGlobalSection
	GlobalSection(ProjectConfigurationPlatforms) = postSolution
		{13B56B71-7CA2-4720-AF2C-F6C486F68BBB}.Debug|Win32.ActiveCfg = Debug|Win32
		{13B56B71-7CA2-4720-AF2C-F6C486F68BBB}.Debug|Win32.Build.0 = Debug|Win32
		{13B56B71-7CA2-4720-AF2C-F6C486F68BBB}.Release|Win32.ActiveCfg = Release|Win32
		{13B56B71-7CA2-4720-AF2C-F6C486F68BBB}.Release|Win32.Build.0 = Release|Win32
		{21C9073E-80E2-4DFD-AFEE-93464D5FF054}.Debug|Win32.ActiveCfg = Debug|Win32
		{21C9073E-80E2-4DFD-AFEE-93464D5FF054}.Debug|Win32.Build.0 = Debug|Win32
		{21C9073E-80E2-4DFD-AFEE-93464D5FF054}.Release|Win32.ActiveCfg = Release|Win32
		{21C9073E-80E2-4DFD-AFEE-93464D5FF054}.Release|Win32.Build.0 = Release|Win32
	EndGlobalSection
	GlobalSection(SolutionProperties) = preSolution
		HideSolutionNode = FALSE
	EndGlobalSection
EndGlobal
